// !$*UTF8*$!
{
	archiveVersion = 1;
	classes = {
	};
	objectVersion = 55;
	objects = {

/* Begin PBXBuildFile section */
		AC3D394F289EEE2400F0BBED /* AppDelegate.swift in Sources */ = {isa = PBXBuildFile; fileRef = AC3D394E289EEE2400F0BBED /* AppDelegate.swift */; };
		AC3D3951289EEE2400F0BBED /* SceneDelegate.swift in Sources */ = {isa = PBXBuildFile; fileRef = AC3D3950289EEE2400F0BBED /* SceneDelegate.swift */; };
		AC3D3953289EEE2400F0BBED /* ViewController.swift in Sources */ = {isa = PBXBuildFile; fileRef = AC3D3952289EEE2400F0BBED /* ViewController.swift */; };
		AC3D3956289EEE2400F0BBED /* Main.storyboard in Resources */ = {isa = PBXBuildFile; fileRef = AC3D3954289EEE2400F0BBED /* Main.storyboard */; };
		AC3D3958289EEE2500F0BBED /* Assets.xcassets in Resources */ = {isa = PBXBuildFile; fileRef = AC3D3957289EEE2500F0BBED /* Assets.xcassets */; };
		AC3D395B289EEE2500F0BBED /* LaunchScreen.storyboard in Resources */ = {isa = PBXBuildFile; fileRef = AC3D3959289EEE2500F0BBED /* LaunchScreen.storyboard */; };
		AC3D3964289EF96B00F0BBED /* Petition.swift in Sources */ = {isa = PBXBuildFile; fileRef = AC3D3963289EF96B00F0BBED /* Petition.swift */; };
		AC3D3966289EF9ED00F0BBED /* Petitions.swift in Sources */ = {isa = PBXBuildFile; fileRef = AC3D3965289EF9ED00F0BBED /* Petitions.swift */; };
		AC3D3968289EFF8200F0BBED /* DetailViewController.swift in Sources */ = {isa = PBXBuildFile; fileRef = AC3D3967289EFF8200F0BBED /* DetailViewController.swift */; };
/* End PBXBuildFile section */

/* Begin PBXFileReference section */
		AC3D394B289EEE2400F0BBED /* WhitehousePetitions.app */ = {isa = PBXFileReference; explicitFileType = wrapper.application; includeInIndex = 0; path = WhitehousePetitions.app; sourceTree = BUILT_PRODUCTS_DIR; };
		AC3D394E289EEE2400F0BBED /* AppDelegate.swift */ = {isa = PBXFileReference; lastKnownFileType = sourcecode.swift; path = AppDelegate.swift; sourceTree = "<group>"; };
		AC3D3950289EEE2400F0BBED /* SceneDelegate.swift */ = {isa = PBXFileReference; lastKnownFileType = sourcecode.swift; path = SceneDelegate.swift; sourceTree = "<group>"; };
		AC3D3952289EEE2400F0BBED /* ViewController.swift */ = {isa = PBXFileReference; lastKnownFileType = sourcecode.swift; path = ViewController.swift; sourceTree = "<group>"; };
		AC3D3955289EEE2400F0BBED /* Base */ = {isa = PBXFileReference; lastKnownFileType = file.storyboard; name = Base; path = Base.lproj/Main.storyboard; sourceTree = "<group>"; };
		AC3D3957289EEE2500F0BBED /* Assets.xcassets */ = {isa = PBXFileReference; lastKnownFileType = folder.assetcatalog; path = Assets.xcassets; sourceTree = "<group>"; };
		AC3D395A289EEE2500F0BBED /* Base */ = {isa = PBXFileReference; lastKnownFileType = file.storyboard; name = Base; path = Base.lproj/LaunchScreen.storyboard; sourceTree = "<group>"; };
		AC3D395C289EEE2500F0BBED /* Info.plist */ = {isa = PBXFileReference; lastKnownFileType = text.plist.xml; path = Info.plist; sourceTree = "<group>"; };
		AC3D3963289EF96B00F0BBED /* Petition.swift */ = {isa = PBXFileReference; lastKnownFileType = sourcecode.swift; path = Petition.swift; sourceTree = "<group>"; };
		AC3D3965289EF9ED00F0BBED /* Petitions.swift */ = {isa = PBXFileReference; lastKnownFileType = sourcecode.swift; path = Petitions.swift; sourceTree = "<group>"; };
		AC3D3967289EFF8200F0BBED /* DetailViewController.swift */ = {isa = PBXFileReference; lastKnownFileType = sourcecode.swift; path = DetailViewController.swift; sourceTree = "<group>"; };
/* End PBXFileReference section */

/* Begin PBXFrameworksBuildPhase section */
		AC3D3948289EEE2400F0BBED /* Frameworks */ = {
			isa = PBXFrameworksBuildPhase;
			buildActionMask = 2147483647;
			files = (
			);
			runOnlyForDeploymentPostprocessing = 0;
		};
/* End PBXFrameworksBuildPhase section */

/* Begin PBXGroup section */
		AC3D3942289EEE2400F0BBED = {
			isa = PBXGroup;
			children = (
				AC3D394D289EEE2400F0BBED /* WhitehousePetitions */,
				AC3D394C289EEE2400F0BBED /* Products */,
			);
			sourceTree = "<group>";
		};
		AC3D394C289EEE2400F0BBED /* Products */ = {
			isa = PBXGroup;
			children = (
				AC3D394B289EEE2400F0BBED /* WhitehousePetitions.app */,
			);
			name = Products;
			sourceTree = "<group>";
		};
		AC3D394D289EEE2400F0BBED /* WhitehousePetitions */ = {
			isa = PBXGroup;
			children = (
				AC3D3962289EF95400F0BBED /* Models */,
				AC3D394E289EEE2400F0BBED /* AppDelegate.swift */,
				AC3D3950289EEE2400F0BBED /* SceneDelegate.swift */,
				AC3D3952289EEE2400F0BBED /* ViewController.swift */,
				AC3D3967289EFF8200F0BBED /* DetailViewController.swift */,
				AC3D3954289EEE2400F0BBED /* Main.storyboard */,
				AC3D3957289EEE2500F0BBED /* Assets.xcassets */,
				AC3D3959289EEE2500F0BBED /* LaunchScreen.storyboard */,
				AC3D395C289EEE2500F0BBED /* Info.plist */,
			);
			path = WhitehousePetitions;
			sourceTree = "<group>";
		};
		AC3D3962289EF95400F0BBED /* Models */ = {
			isa = PBXGroup;
			children = (
				AC3D3963289EF96B00F0BBED /* Petition.swift */,
				AC3D3965289EF9ED00F0BBED /* Petitions.swift */,
			);
			path = Models;
			sourceTree = "<group>";
		};
/* End PBXGroup section */

/* Begin PBXNativeTarget section */
		AC3D394A289EEE2400F0BBED /* WhitehousePetitions */ = {
			isa = PBXNativeTarget;
			buildConfigurationList = AC3D395F289EEE2500F0BBED /* Build configuration list for PBXNativeTarget "WhitehousePetitions" */;
			buildPhases = (
				AC3D3947289EEE2400F0BBED /* Sources */,
				AC3D3948289EEE2400F0BBED /* Frameworks */,
				AC3D3949289EEE2400F0BBED /* Resources */,
			);
			buildRules = (
			);
			dependencies = (
			);
			name = WhitehousePetitions;
			productName = WhitehousePetitions;
			productReference = AC3D394B289EEE2400F0BBED /* WhitehousePetitions.app */;
			productType = "com.apple.product-type.application";
		};
/* End PBXNativeTarget section */

/* Begin PBXProject section */
		AC3D3943289EEE2400F0BBED /* Project object */ = {
			isa = PBXProject;
			attributes = {
				BuildIndependentTargetsInParallel = 1;
				LastSwiftUpdateCheck = 1340;
				LastUpgradeCheck = 1340;
				TargetAttributes = {
					AC3D394A289EEE2400F0BBED = {
						CreatedOnToolsVersion = 13.4.1;
					};
				};
			};
			buildConfigurationList = AC3D3946289EEE2400F0BBED /* Build configuration list for PBXProject "WhitehousePetitions" */;
			compatibilityVersion = "Xcode 13.0";
			developmentRegion = en;
			hasScannedForEncodings = 0;
			knownRegions = (
				en,
				Base,
			);
			mainGroup = AC3D3942289EEE2400F0BBED;
			productRefGroup = AC3D394C289EEE2400F0BBED /* Products */;
			projectDirPath = "";
			projectRoot = "";
			targets = (
				AC3D394A289EEE2400F0BBED /* WhitehousePetitions */,
			);
		};
/* End PBXProject section */

/* Begin PBXResourcesBuildPhase section */
		AC3D3949289EEE2400F0BBED /* Resources */ = {
			isa = PBXResourcesBuildPhase;
			buildActionMask = 2147483647;
			files = (
				AC3D395B289EEE2500F0BBED /* LaunchScreen.storyboard in Resources */,
				AC3D3958289EEE2500F0BBED /* Assets.xcassets in Resources */,
				AC3D3956289EEE2400F0BBED /* Main.storyboard in Resources */,
			);
			runOnlyForDeploymentPostprocessing = 0;
		};
/* End PBXResourcesBuildPhase section */

/* Begin PBXSourcesBuildPhase section */
		AC3D3947289EEE2400F0BBED /* Sources */ = {
			isa = PBXSourcesBuildPhase;
			buildActionMask = 2147483647;
			files = (
				AC3D3953289EEE2400F0BBED /* ViewController.swift in Sources */,
				AC3D3964289EF96B00F0BBED /* Petition.swift in Sources */,
				AC3D394F289EEE2400F0BBED /* AppDelegate.swift in Sources */,
				AC3D3968289EFF8200F0BBED /* DetailViewController.swift in Sources */,
				AC3D3951289EEE2400F0BBED /* SceneDelegate.swift in Sources */,
				AC3D3966289EF9ED00F0BBED /* Petitions.swift in Sources */,
			);
			runOnlyForDeploymentPostprocessing = 0;
		};
/* End PBXSourcesBuildPhase section */

/* Begin PBXVariantGroup section */
		AC3D3954289EEE2400F0BBED /* Main.storyboard */ = {
			isa = PBXVariantGroup;
			children = (
				AC3D3955289EEE2400F0BBED /* Base */,
			);
			name = Main.storyboard;
			sourceTree = "<group>";
		};
		AC3D3959289EEE2500F0BBED /* LaunchScreen.storyboard */ = {
			isa = PBXVariantGroup;
			children = (
				AC3D395A289EEE2500F0BBED /* Base */,
			);
			name = LaunchScreen.storyboard;
			sourceTree = "<group>";
		};
/* End PBXVariantGroup section */

/* Begin XCBuildConfiguration section */
		AC3D395D289EEE2500F0BBED /* Debug */ = {
			isa = XCBuildConfiguration;
			buildSettings = {
				ALWAYS_SEARCH_USER_PATHS = NO;
				CLANG_ANALYZER_NONNULL = YES;
				CLANG_ANALYZER_NUMBER_OBJECT_CONVERSION = YES_AGGRESSIVE;
				CLANG_CXX_LANGUAGE_STANDARD = "gnu++17";
				CLANG_ENABLE_MODULES = YES;
				CLANG_ENABLE_OBJC_ARC = YES;
				CLANG_ENABLE_OBJC_WEAK = YES;
				CLANG_WARN_BLOCK_CAPTURE_AUTORELEASING = YES;
				CLANG_WARN_BOOL_CONVERSION = YES;
				CLANG_WARN_COMMA = YES;
				CLANG_WARN_CONSTANT_CONVERSION = YES;
				CLANG_WARN_DEPRECATED_OBJC_IMPLEMENTATIONS = YES;
				CLANG_WARN_DIRECT_OBJC_ISA_USAGE = YES_ERROR;
				CLANG_WARN_DOCUMENTATION_COMMENTS = YES;
				CLANG_WARN_EMPTY_BODY = YES;
				CLANG_WARN_ENUM_CONVERSION = YES;
				CLANG_WARN_INFINITE_RECURSION = YES;
				CLANG_WARN_INT_CONVERSION = YES;
				CLANG_WARN_NON_LITERAL_NULL_CONVERSION = YES;
				CLANG_WARN_OBJC_IMPLICIT_RETAIN_SELF = YES;
				CLANG_WARN_OBJC_LITERAL_CONVERSION = YES;
				CLANG_WARN_OBJC_ROOT_CLASS = YES_ERROR;
				CLANG_WARN_QUOTED_INCLUDE_IN_FRAMEWORK_HEADER = YES;
				CLANG_WARN_RANGE_LOOP_ANALYSIS = YES;
				CLANG_WARN_STRICT_PROTOTYPES = YES;
				CLANG_WARN_SUSPICIOUS_MOVE = YES;
				CLANG_WARN_UNGUARDED_AVAILABILITY = YES_AGGRESSIVE;
				CLANG_WARN_UNREACHABLE_CODE = YES;
				CLANG_WARN__DUPLICATE_METHOD_MATCH = YES;
				COPY_PHASE_STRIP = NO;
				DEBUG_INFORMATION_FORMAT = dwarf;
				ENABLE_STRICT_OBJC_MSGSEND = YES;
				ENABLE_TESTABILITY = YES;
				GCC_C_LANGUAGE_STANDARD = gnu11;
				GCC_DYNAMIC_NO_PIC = NO;
				GCC_NO_COMMON_BLOCKS = YES;
				GCC_OPTIMIZATION_LEVEL = 0;
				GCC_PREPROCESSOR_DEFINITIONS = (
					"DEBUG=1",
					"$(inherited)",
				);
				GCC_WARN_64_TO_32_BIT_CONVERSION = YES;
				GCC_WARN_ABOUT_RETURN_TYPE = YES_ERROR;
				GCC_WARN_UNDECLARED_SELECTOR = YES;
				GCC_WARN_UNINITIALIZED_AUTOS = YES_AGGRESSIVE;
				GCC_WARN_UNUSED_FUNCTION = YES;
				GCC_WARN_UNUSED_VARIABLE = YES;
				IPHONEOS_DEPLOYMENT_TARGET = 15.5;
				MTL_ENABLE_DEBUG_INFO = INCLUDE_SOURCE;
				MTL_FAST_MATH = YES;
				ONLY_ACTIVE_ARCH = YES;
				SDKROOT = iphoneos;
				SWIFT_ACTIVE_COMPILATION_CONDITIONS = DEBUG;
				SWIFT_OPTIMIZATION_LEVEL = "-Onone";
			};
			name = Debug;
		};
		AC3D395E289EEE2500F0BBED /* Release */ = {
			isa = XCBuildConfiguration;
			buildSettings = {
				ALWAYS_SEARCH_USER_PATHS = NO;
				CLANG_ANALYZER_NONNULL = YES;
				CLANG_ANALYZER_NUMBER_OBJECT_CONVERSION = YES_AGGRESSIVE;
				CLANG_CXX_LANGUAGE_STANDARD = "gnu++17";
				CLANG_ENABLE_MODULES = YES;
				CLANG_ENABLE_OBJC_ARC = YES;
				CLANG_ENABLE_OBJC_WEAK = YES;
				CLANG_WARN_BLOCK_CAPTURE_AUTORELEASING = YES;
				CLANG_WARN_BOOL_CONVERSION = YES;
				CLANG_WARN_COMMA = YES;
				CLANG_WARN_CONSTANT_CONVERSION = YES;
				CLANG_WARN_DEPRECATED_OBJC_IMPLEMENTATIONS = YES;
				CLANG_WARN_DIRECT_OBJC_ISA_USAGE = YES_ERROR;
				CLANG_WARN_DOCUMENTATION_COMMENTS = YES;
				CLANG_WARN_EMPTY_BODY = YES;
				CLANG_WARN_ENUM_CONVERSION = YES;
				CLANG_WARN_INFINITE_RECURSION = YES;
				CLANG_WARN_INT_CONVERSION = YES;
				CLANG_WARN_NON_LITERAL_NULL_CONVERSION = YES;
				CLANG_WARN_OBJC_IMPLICIT_RETAIN_SELF = YES;
				CLANG_WARN_OBJC_LITERAL_CONVERSION = YES;
				CLANG_WARN_OBJC_ROOT_CLASS = YES_ERROR;
				CLANG_WARN_QUOTED_INCLUDE_IN_FRAMEWORK_HEADER = YES;
				CLANG_WARN_RANGE_LOOP_ANALYSIS = YES;
				CLANG_WARN_STRICT_PROTOTYPES = YES;
				CLANG_WARN_SUSPICIOUS_MOVE = YES;
				CLANG_WARN_UNGUARDED_AVAILABILITY = YES_AGGRESSIVE;
				CLANG_WARN_UNREACHABLE_CODE = YES;
				CLANG_WARN__DUPLICATE_METHOD_MATCH = YES;
				COPY_PHASE_STRIP = NO;
				DEBUG_INFORMATION_FORMAT = "dwarf-with-dsym";
				ENABLE_NS_ASSERTIONS = NO;
				ENABLE_STRICT_OBJC_MSGSEND = YES;
				GCC_C_LANGUAGE_STANDARD = gnu11;
				GCC_NO_COMMON_BLOCKS = YES;
				GCC_WARN_64_TO_32_BIT_CONVERSION = YES;
				GCC_WARN_ABOUT_RETURN_TYPE = YES_ERROR;
				GCC_WARN_UNDECLARED_SELECTOR = YES;
				GCC_WARN_UNINITIALIZED_AUTOS = YES_AGGRESSIVE;
				GCC_WARN_UNUSED_FUNCTION = YES;
				GCC_WARN_UNUSED_VARIABLE = YES;
				IPHONEOS_DEPLOYMENT_TARGET = 15.5;
				MTL_ENABLE_DEBUG_INFO = NO;
				MTL_FAST_MATH = YES;
				SDKROOT = iphoneos;
				SWIFT_COMPILATION_MODE = wholemodule;
				SWIFT_OPTIMIZATION_LEVEL = "-O";
				VALIDATE_PRODUCT = YES;
			};
			name = Release;
		};
		AC3D3960289EEE2500F0BBED /* Debug */ = {
			isa = XCBuildConfiguration;
			buildSettings = {
				ASSETCATALOG_COMPILER_APPICON_NAME = AppIcon;
				ASSETCATALOG_COMPILER_GLOBAL_ACCENT_COLOR_NAME = AccentColor;
				CODE_SIGN_STYLE = Automatic;
				CURRENT_PROJECT_VERSION = 1;
				DEVELOPMENT_TEAM = LJJVVQQD7K;
				GENERATE_INFOPLIST_FILE = YES;
				INFOPLIST_FILE = WhitehousePetitions/Info.plist;
				INFOPLIST_KEY_UIApplicationSupportsIndirectInputEvents = YES;
				INFOPLIST_KEY_UILaunchStoryboardName = LaunchScreen;
				INFOPLIST_KEY_UIMainStoryboardFile = Main;
				INFOPLIST_KEY_UISupportedInterfaceOrientations_iPad = "UIInterfaceOrientationPortrait UIInterfaceOrientationPortraitUpsideDown UIInterfaceOrientationLandscapeLeft UIInterfaceOrientationLandscapeRight";
				INFOPLIST_KEY_UISupportedInterfaceOrientations_iPhone = "UIInterfaceOrientationPortrait UIInterfaceOrientationLandscapeLeft UIInterfaceOrientationLandscapeRight";
				LD_RUNPATH_SEARCH_PATHS = (
					"$(inherited)",
					"@executable_path/Frameworks",
				);
				MARKETING_VERSION = 1.0;
				PRODUCT_BUNDLE_IDENTIFIER = software.jackson.WhitehousePetitions;
				PRODUCT_NAME = "$(TARGET_NAME)";
				SWIFT_EMIT_LOC_STRINGS = YES;
				SWIFT_VERSION = 5.0;
				TARGETED_DEVICE_FAMILY = "1,2";
			};
			name = Debug;
		};
		AC3D3961289EEE2500F0BBED /* Release */ = {
			isa = XCBuildConfiguration;
			buildSettings = {
				ASSETCATALOG_COMPILER_APPICON_NAME = AppIcon;
				ASSETCATALOG_COMPILER_GLOBAL_ACCENT_COLOR_NAME = AccentColor;
				CODE_SIGN_STYLE = Automatic;
				CURRENT_PROJECT_VERSION = 1;
				DEVELOPMENT_TEAM = LJJVVQQD7K;
				GENERATE_INFOPLIST_FILE = YES;
				INFOPLIST_FILE = WhitehousePetitions/Info.plist;
				INFOPLIST_KEY_UIApplicationSupportsIndirectInputEvents = YES;
				INFOPLIST_KEY_UILaunchStoryboardName = LaunchScreen;
				INFOPLIST_KEY_UIMainStoryboardFile = Main;
				INFOPLIST_KEY_UISupportedInterfaceOrientations_iPad = "UIInterfaceOrientationPortrait UIInterfaceOrientationPortraitUpsideDown UIInterfaceOrientationLandscapeLeft UIInterfaceOrientationLandscapeRight";
				INFOPLIST_KEY_UISupportedInterfaceOrientations_iPhone = "UIInterfaceOrientationPortrait UIInterfaceOrientationLandscapeLeft UIInterfaceOrientationLandscapeRight";
				LD_RUNPATH_SEARCH_PATHS = (
					"$(inherited)",
					"@executable_path/Frameworks",
				);
				MARKETING_VERSION = 1.0;
				PRODUCT_BUNDLE_IDENTIFIER = software.jackson.WhitehousePetitions;
				PRODUCT_NAME = "$(TARGET_NAME)";
				SWIFT_EMIT_LOC_STRINGS = YES;
				SWIFT_VERSION = 5.0;
				TARGETED_DEVICE_FAMILY = "1,2";
			};
			name = Release;
		};
/* End XCBuildConfiguration section */

/* Begin XCConfigurationList section */
		AC3D3946289EEE2400F0BBED /* Build configuration list for PBXProject "WhitehousePetitions" */ = {
			isa = XCConfigurationList;
			buildConfigurations = (
				AC3D395D289EEE2500F0BBED /* Debug */,
				AC3D395E289EEE2500F0BBED /* Release */,
			);
			defaultConfigurationIsVisible = 0;
			defaultConfigurationName = Release;
		};
		AC3D395F289EEE2500F0BBED /* Build configuration list for PBXNativeTarget "WhitehousePetitions" */ = {
			isa = XCConfigurationList;
			buildConfigurations = (
				AC3D3960289EEE2500F0BBED /* Debug */,
				AC3D3961289EEE2500F0BBED /* Release */,
			);
			defaultConfigurationIsVisible = 0;
			defaultConfigurationName = Release;
		};
/* End XCConfigurationList section */
	};
	rootObject = AC3D3943289EEE2400F0BBED /* Project object */;
}
